// !$*UTF8*$!
{
	archiveVersion = 1;
	classes = {
	};
	objectVersion = 46;
	objects = {

/* Begin PBXBuildFile section */
		3A6F21921D9AD4C500E518B1 /* main.m in Sources */ = {isa = PBXBuildFile; fileRef = 3A6F21911D9AD4C500E518B1 /* main.m */; };
		3A6F21951D9AD4C500E518B1 /* AppDelegate.m in Sources */ = {isa = PBXBuildFile; fileRef = 3A6F21941D9AD4C500E518B1 /* AppDelegate.m */; };
		3A6F219D1D9AD4C600E518B1 /* Assets.xcassets in Resources */ = {isa = PBXBuildFile; fileRef = 3A6F219C1D9AD4C600E518B1 /* Assets.xcassets */; };
		3A6F21A01D9AD4C600E518B1 /* LaunchScreen.storyboard in Resources */ = {isa = PBXBuildFile; fileRef = 3A6F219E1D9AD4C600E518B1 /* LaunchScreen.storyboard */; };
		3A6F21AB1D9AD4C600E518B1 /* CoreBookTests.m in Sources */ = {isa = PBXBuildFile; fileRef = 3A6F21AA1D9AD4C600E518B1 /* CoreBookTests.m */; };
		3A6F21B61D9AD4C600E518B1 /* CoreBookUITests.m in Sources */ = {isa = PBXBuildFile; fileRef = 3A6F21B51D9AD4C600E518B1 /* CoreBookUITests.m */; };
		3A6F21C61D9AD58500E518B1 /* AGTSimpleCoreDataStack.m in Sources */ = {isa = PBXBuildFile; fileRef = 3A6F21C51D9AD58500E518B1 /* AGTSimpleCoreDataStack.m */; };
		3A6F21C91D9AD77200E518B1 /* CoreData.framework in Frameworks */ = {isa = PBXBuildFile; fileRef = 3A6F21C81D9AD77200E518B1 /* CoreData.framework */; };
		3A6F21CC1D9AD9F800E518B1 /* Model.xcdatamodeld in Sources */ = {isa = PBXBuildFile; fileRef = 3A6F21CA1D9AD9F800E518B1 /* Model.xcdatamodeld */; };
		3A6F22501D9C3BD500E518B1 /* _APLAnnotation.m in Sources */ = {isa = PBXBuildFile; fileRef = 3A6F22411D9C3BD500E518B1 /* _APLAnnotation.m */; };
		3A6F22511D9C3BD500E518B1 /* _APLAuthor.m in Sources */ = {isa = PBXBuildFile; fileRef = 3A6F22431D9C3BD500E518B1 /* _APLAuthor.m */; };
		3A6F22521D9C3BD500E518B1 /* _APLBook.m in Sources */ = {isa = PBXBuildFile; fileRef = 3A6F22451D9C3BD500E518B1 /* _APLBook.m */; };
		3A6F22531D9C3BD500E518B1 /* _APLBookTag.m in Sources */ = {isa = PBXBuildFile; fileRef = 3A6F22471D9C3BD500E518B1 /* _APLBookTag.m */; };
		3A6F22541D9C3BD500E518B1 /* _APLCover.m in Sources */ = {isa = PBXBuildFile; fileRef = 3A6F22491D9C3BD500E518B1 /* _APLCover.m */; };
		3A6F22551D9C3BD500E518B1 /* _APLPdfData.m in Sources */ = {isa = PBXBuildFile; fileRef = 3A6F224B1D9C3BD500E518B1 /* _APLPdfData.m */; };
		3A6F22561D9C3BD500E518B1 /* _APLPhoto.m in Sources */ = {isa = PBXBuildFile; fileRef = 3A6F224D1D9C3BD500E518B1 /* _APLPhoto.m */; };
		3A6F22571D9C3BD500E518B1 /* _APLTag.m in Sources */ = {isa = PBXBuildFile; fileRef = 3A6F224F1D9C3BD500E518B1 /* _APLTag.m */; };
		3A6F22681D9C3C1400E518B1 /* APLAnnotation.m in Sources */ = {isa = PBXBuildFile; fileRef = 3A6F22591D9C3C1400E518B1 /* APLAnnotation.m */; };
		3A6F22691D9C3C1400E518B1 /* APLAuthor.m in Sources */ = {isa = PBXBuildFile; fileRef = 3A6F225B1D9C3C1400E518B1 /* APLAuthor.m */; };
		3A6F226A1D9C3C1400E518B1 /* APLBook.m in Sources */ = {isa = PBXBuildFile; fileRef = 3A6F225D1D9C3C1400E518B1 /* APLBook.m */; };
		3A6F226B1D9C3C1400E518B1 /* APLBookTag.m in Sources */ = {isa = PBXBuildFile; fileRef = 3A6F225F1D9C3C1400E518B1 /* APLBookTag.m */; };
		3A6F226C1D9C3C1400E518B1 /* APLCover.m in Sources */ = {isa = PBXBuildFile; fileRef = 3A6F22611D9C3C1400E518B1 /* APLCover.m */; };
		3A6F226D1D9C3C1400E518B1 /* APLPdfData.m in Sources */ = {isa = PBXBuildFile; fileRef = 3A6F22631D9C3C1400E518B1 /* APLPdfData.m */; };
		3A6F226E1D9C3C1400E518B1 /* APLPhoto.m in Sources */ = {isa = PBXBuildFile; fileRef = 3A6F22651D9C3C1400E518B1 /* APLPhoto.m */; };
		3A6F226F1D9C3C1400E518B1 /* APLTag.m in Sources */ = {isa = PBXBuildFile; fileRef = 3A6F22671D9C3C1400E518B1 /* APLTag.m */; };
/* End PBXBuildFile section */

/* Begin PBXContainerItemProxy section */
		3A6F21A71D9AD4C600E518B1 /* PBXContainerItemProxy */ = {
			isa = PBXContainerItemProxy;
			containerPortal = 3A6F21851D9AD4C500E518B1 /* Project object */;
			proxyType = 1;
			remoteGlobalIDString = 3A6F218C1D9AD4C500E518B1;
			remoteInfo = CoreBook;
		};
		3A6F21B21D9AD4C600E518B1 /* PBXContainerItemProxy */ = {
			isa = PBXContainerItemProxy;
			containerPortal = 3A6F21851D9AD4C500E518B1 /* Project object */;
			proxyType = 1;
			remoteGlobalIDString = 3A6F218C1D9AD4C500E518B1;
			remoteInfo = CoreBook;
		};
/* End PBXContainerItemProxy section */

/* Begin PBXFileReference section */
		3A6F218D1D9AD4C500E518B1 /* CoreBook.app */ = {isa = PBXFileReference; explicitFileType = wrapper.application; includeInIndex = 0; path = CoreBook.app; sourceTree = BUILT_PRODUCTS_DIR; };
		3A6F21911D9AD4C500E518B1 /* main.m */ = {isa = PBXFileReference; lastKnownFileType = sourcecode.c.objc; path = main.m; sourceTree = "<group>"; };
		3A6F21931D9AD4C500E518B1 /* AppDelegate.h */ = {isa = PBXFileReference; lastKnownFileType = sourcecode.c.h; path = AppDelegate.h; sourceTree = "<group>"; };
		3A6F21941D9AD4C500E518B1 /* AppDelegate.m */ = {isa = PBXFileReference; lastKnownFileType = sourcecode.c.objc; path = AppDelegate.m; sourceTree = "<group>"; };
		3A6F219C1D9AD4C600E518B1 /* Assets.xcassets */ = {isa = PBXFileReference; lastKnownFileType = folder.assetcatalog; path = Assets.xcassets; sourceTree = "<group>"; };
		3A6F219F1D9AD4C600E518B1 /* Base */ = {isa = PBXFileReference; lastKnownFileType = file.storyboard; name = Base; path = Base.lproj/LaunchScreen.storyboard; sourceTree = "<group>"; };
		3A6F21A11D9AD4C600E518B1 /* Info.plist */ = {isa = PBXFileReference; lastKnownFileType = text.plist.xml; path = Info.plist; sourceTree = "<group>"; };
		3A6F21A61D9AD4C600E518B1 /* CoreBookTests.xctest */ = {isa = PBXFileReference; explicitFileType = wrapper.cfbundle; includeInIndex = 0; path = CoreBookTests.xctest; sourceTree = BUILT_PRODUCTS_DIR; };
		3A6F21AA1D9AD4C600E518B1 /* CoreBookTests.m */ = {isa = PBXFileReference; lastKnownFileType = sourcecode.c.objc; path = CoreBookTests.m; sourceTree = "<group>"; };
		3A6F21AC1D9AD4C600E518B1 /* Info.plist */ = {isa = PBXFileReference; lastKnownFileType = text.plist.xml; path = Info.plist; sourceTree = "<group>"; };
		3A6F21B11D9AD4C600E518B1 /* CoreBookUITests.xctest */ = {isa = PBXFileReference; explicitFileType = wrapper.cfbundle; includeInIndex = 0; path = CoreBookUITests.xctest; sourceTree = BUILT_PRODUCTS_DIR; };
		3A6F21B51D9AD4C600E518B1 /* CoreBookUITests.m */ = {isa = PBXFileReference; lastKnownFileType = sourcecode.c.objc; path = CoreBookUITests.m; sourceTree = "<group>"; };
		3A6F21B71D9AD4C600E518B1 /* Info.plist */ = {isa = PBXFileReference; lastKnownFileType = text.plist.xml; path = Info.plist; sourceTree = "<group>"; };
		3A6F21C41D9AD58500E518B1 /* AGTSimpleCoreDataStack.h */ = {isa = PBXFileReference; fileEncoding = 4; lastKnownFileType = sourcecode.c.h; path = AGTSimpleCoreDataStack.h; sourceTree = "<group>"; };
		3A6F21C51D9AD58500E518B1 /* AGTSimpleCoreDataStack.m */ = {isa = PBXFileReference; fileEncoding = 4; lastKnownFileType = sourcecode.c.objc; path = AGTSimpleCoreDataStack.m; sourceTree = "<group>"; };
		3A6F21C81D9AD77200E518B1 /* CoreData.framework */ = {isa = PBXFileReference; lastKnownFileType = wrapper.framework; name = CoreData.framework; path = System/Library/Frameworks/CoreData.framework; sourceTree = SDKROOT; };
		3A6F21CB1D9AD9F800E518B1 /* Model.xcdatamodel */ = {isa = PBXFileReference; lastKnownFileType = wrapper.xcdatamodel; path = Model.xcdatamodel; sourceTree = "<group>"; };
		3A6F22401D9C3BD500E518B1 /* _APLAnnotation.h */ = {isa = PBXFileReference; fileEncoding = 4; lastKnownFileType = sourcecode.c.h; path = _APLAnnotation.h; sourceTree = "<group>"; };
		3A6F22411D9C3BD500E518B1 /* _APLAnnotation.m */ = {isa = PBXFileReference; fileEncoding = 4; lastKnownFileType = sourcecode.c.objc; path = _APLAnnotation.m; sourceTree = "<group>"; };
		3A6F22421D9C3BD500E518B1 /* _APLAuthor.h */ = {isa = PBXFileReference; fileEncoding = 4; lastKnownFileType = sourcecode.c.h; path = _APLAuthor.h; sourceTree = "<group>"; };
		3A6F22431D9C3BD500E518B1 /* _APLAuthor.m */ = {isa = PBXFileReference; fileEncoding = 4; lastKnownFileType = sourcecode.c.objc; path = _APLAuthor.m; sourceTree = "<group>"; };
		3A6F22441D9C3BD500E518B1 /* _APLBook.h */ = {isa = PBXFileReference; fileEncoding = 4; lastKnownFileType = sourcecode.c.h; path = _APLBook.h; sourceTree = "<group>"; };
		3A6F22451D9C3BD500E518B1 /* _APLBook.m */ = {isa = PBXFileReference; fileEncoding = 4; lastKnownFileType = sourcecode.c.objc; path = _APLBook.m; sourceTree = "<group>"; };
		3A6F22461D9C3BD500E518B1 /* _APLBookTag.h */ = {isa = PBXFileReference; fileEncoding = 4; lastKnownFileType = sourcecode.c.h; path = _APLBookTag.h; sourceTree = "<group>"; };
		3A6F22471D9C3BD500E518B1 /* _APLBookTag.m */ = {isa = PBXFileReference; fileEncoding = 4; lastKnownFileType = sourcecode.c.objc; path = _APLBookTag.m; sourceTree = "<group>"; };
		3A6F22481D9C3BD500E518B1 /* _APLCover.h */ = {isa = PBXFileReference; fileEncoding = 4; lastKnownFileType = sourcecode.c.h; path = _APLCover.h; sourceTree = "<group>"; };
		3A6F22491D9C3BD500E518B1 /* _APLCover.m */ = {isa = PBXFileReference; fileEncoding = 4; lastKnownFileType = sourcecode.c.objc; path = _APLCover.m; sourceTree = "<group>"; };
		3A6F224A1D9C3BD500E518B1 /* _APLPdfData.h */ = {isa = PBXFileReference; fileEncoding = 4; lastKnownFileType = sourcecode.c.h; path = _APLPdfData.h; sourceTree = "<group>"; };
		3A6F224B1D9C3BD500E518B1 /* _APLPdfData.m */ = {isa = PBXFileReference; fileEncoding = 4; lastKnownFileType = sourcecode.c.objc; path = _APLPdfData.m; sourceTree = "<group>"; };
		3A6F224C1D9C3BD500E518B1 /* _APLPhoto.h */ = {isa = PBXFileReference; fileEncoding = 4; lastKnownFileType = sourcecode.c.h; path = _APLPhoto.h; sourceTree = "<group>"; };
		3A6F224D1D9C3BD500E518B1 /* _APLPhoto.m */ = {isa = PBXFileReference; fileEncoding = 4; lastKnownFileType = sourcecode.c.objc; path = _APLPhoto.m; sourceTree = "<group>"; };
		3A6F224E1D9C3BD500E518B1 /* _APLTag.h */ = {isa = PBXFileReference; fileEncoding = 4; lastKnownFileType = sourcecode.c.h; path = _APLTag.h; sourceTree = "<group>"; };
		3A6F224F1D9C3BD500E518B1 /* _APLTag.m */ = {isa = PBXFileReference; fileEncoding = 4; lastKnownFileType = sourcecode.c.objc; path = _APLTag.m; sourceTree = "<group>"; };
		3A6F22581D9C3C1400E518B1 /* APLAnnotation.h */ = {isa = PBXFileReference; fileEncoding = 4; lastKnownFileType = sourcecode.c.h; path = APLAnnotation.h; sourceTree = "<group>"; };
		3A6F22591D9C3C1400E518B1 /* APLAnnotation.m */ = {isa = PBXFileReference; fileEncoding = 4; lastKnownFileType = sourcecode.c.objc; path = APLAnnotation.m; sourceTree = "<group>"; };
		3A6F225A1D9C3C1400E518B1 /* APLAuthor.h */ = {isa = PBXFileReference; fileEncoding = 4; lastKnownFileType = sourcecode.c.h; path = APLAuthor.h; sourceTree = "<group>"; };
		3A6F225B1D9C3C1400E518B1 /* APLAuthor.m */ = {isa = PBXFileReference; fileEncoding = 4; lastKnownFileType = sourcecode.c.objc; path = APLAuthor.m; sourceTree = "<group>"; };
		3A6F225C1D9C3C1400E518B1 /* APLBook.h */ = {isa = PBXFileReference; fileEncoding = 4; lastKnownFileType = sourcecode.c.h; path = APLBook.h; sourceTree = "<group>"; };
		3A6F225D1D9C3C1400E518B1 /* APLBook.m */ = {isa = PBXFileReference; fileEncoding = 4; lastKnownFileType = sourcecode.c.objc; path = APLBook.m; sourceTree = "<group>"; };
		3A6F225E1D9C3C1400E518B1 /* APLBookTag.h */ = {isa = PBXFileReference; fileEncoding = 4; lastKnownFileType = sourcecode.c.h; path = APLBookTag.h; sourceTree = "<group>"; };
		3A6F225F1D9C3C1400E518B1 /* APLBookTag.m */ = {isa = PBXFileReference; fileEncoding = 4; lastKnownFileType = sourcecode.c.objc; path = APLBookTag.m; sourceTree = "<group>"; };
		3A6F22601D9C3C1400E518B1 /* APLCover.h */ = {isa = PBXFileReference; fileEncoding = 4; lastKnownFileType = sourcecode.c.h; path = APLCover.h; sourceTree = "<group>"; };
		3A6F22611D9C3C1400E518B1 /* APLCover.m */ = {isa = PBXFileReference; fileEncoding = 4; lastKnownFileType = sourcecode.c.objc; path = APLCover.m; sourceTree = "<group>"; };
		3A6F22621D9C3C1400E518B1 /* APLPdfData.h */ = {isa = PBXFileReference; fileEncoding = 4; lastKnownFileType = sourcecode.c.h; path = APLPdfData.h; sourceTree = "<group>"; };
		3A6F22631D9C3C1400E518B1 /* APLPdfData.m */ = {isa = PBXFileReference; fileEncoding = 4; lastKnownFileType = sourcecode.c.objc; path = APLPdfData.m; sourceTree = "<group>"; };
		3A6F22641D9C3C1400E518B1 /* APLPhoto.h */ = {isa = PBXFileReference; fileEncoding = 4; lastKnownFileType = sourcecode.c.h; path = APLPhoto.h; sourceTree = "<group>"; };
		3A6F22651D9C3C1400E518B1 /* APLPhoto.m */ = {isa = PBXFileReference; fileEncoding = 4; lastKnownFileType = sourcecode.c.objc; path = APLPhoto.m; sourceTree = "<group>"; };
		3A6F22661D9C3C1400E518B1 /* APLTag.h */ = {isa = PBXFileReference; fileEncoding = 4; lastKnownFileType = sourcecode.c.h; path = APLTag.h; sourceTree = "<group>"; };
		3A6F22671D9C3C1400E518B1 /* APLTag.m */ = {isa = PBXFileReference; fileEncoding = 4; lastKnownFileType = sourcecode.c.objc; path = APLTag.m; sourceTree = "<group>"; };
/* End PBXFileReference section */

/* Begin PBXFrameworksBuildPhase section */
		3A6F218A1D9AD4C500E518B1 /* Frameworks */ = {
			isa = PBXFrameworksBuildPhase;
			buildActionMask = 2147483647;
			files = (
				3A6F21C91D9AD77200E518B1 /* CoreData.framework in Frameworks */,
			);
			runOnlyForDeploymentPostprocessing = 0;
		};
		3A6F21A31D9AD4C600E518B1 /* Frameworks */ = {
			isa = PBXFrameworksBuildPhase;
			buildActionMask = 2147483647;
			files = (
			);
			runOnlyForDeploymentPostprocessing = 0;
		};
		3A6F21AE1D9AD4C600E518B1 /* Frameworks */ = {
			isa = PBXFrameworksBuildPhase;
			buildActionMask = 2147483647;
			files = (
			);
			runOnlyForDeploymentPostprocessing = 0;
		};
/* End PBXFrameworksBuildPhase section */

/* Begin PBXGroup section */
		3A6F21841D9AD4C500E518B1 = {
			isa = PBXGroup;
			children = (
				3A6F218F1D9AD4C500E518B1 /* CoreBook */,
				3A6F21A91D9AD4C600E518B1 /* CoreBookTests */,
				3A6F21B41D9AD4C600E518B1 /* CoreBookUITests */,
				3A6F218E1D9AD4C500E518B1 /* Products */,
				3A6F21C71D9AD77200E518B1 /* Frameworks */,
			);
			sourceTree = "<group>";
		};
		3A6F218E1D9AD4C500E518B1 /* Products */ = {
			isa = PBXGroup;
			children = (
				3A6F218D1D9AD4C500E518B1 /* CoreBook.app */,
				3A6F21A61D9AD4C600E518B1 /* CoreBookTests.xctest */,
				3A6F21B11D9AD4C600E518B1 /* CoreBookUITests.xctest */,
			);
			name = Products;
			sourceTree = "<group>";
		};
		3A6F218F1D9AD4C500E518B1 /* CoreBook */ = {
			isa = PBXGroup;
			children = (
				3A6F21C31D9AD4F000E518B1 /* Models */,
				3A6F21931D9AD4C500E518B1 /* AppDelegate.h */,
				3A6F21941D9AD4C500E518B1 /* AppDelegate.m */,
				3A6F219C1D9AD4C600E518B1 /* Assets.xcassets */,
				3A6F219E1D9AD4C600E518B1 /* LaunchScreen.storyboard */,
				3A6F21A11D9AD4C600E518B1 /* Info.plist */,
				3A6F21901D9AD4C500E518B1 /* Supporting Files */,
			);
			path = CoreBook;
			sourceTree = "<group>";
		};
		3A6F21901D9AD4C500E518B1 /* Supporting Files */ = {
			isa = PBXGroup;
			children = (
				3A6F21911D9AD4C500E518B1 /* main.m */,
			);
			name = "Supporting Files";
			sourceTree = "<group>";
		};
		3A6F21A91D9AD4C600E518B1 /* CoreBookTests */ = {
			isa = PBXGroup;
			children = (
				3A6F21AA1D9AD4C600E518B1 /* CoreBookTests.m */,
				3A6F21AC1D9AD4C600E518B1 /* Info.plist */,
			);
			path = CoreBookTests;
			sourceTree = "<group>";
		};
		3A6F21B41D9AD4C600E518B1 /* CoreBookUITests */ = {
			isa = PBXGroup;
			children = (
				3A6F21B51D9AD4C600E518B1 /* CoreBookUITests.m */,
				3A6F21B71D9AD4C600E518B1 /* Info.plist */,
			);
			path = CoreBookUITests;
			sourceTree = "<group>";
		};
		3A6F21C31D9AD4F000E518B1 /* Models */ = {
			isa = PBXGroup;
			children = (
				3A6F223F1D9C3BBC00E518B1 /* Machine */,
				3A6F223E1D9C3BB600E518B1 /* Human */,
				3A6F21C41D9AD58500E518B1 /* AGTSimpleCoreDataStack.h */,
				3A6F21C51D9AD58500E518B1 /* AGTSimpleCoreDataStack.m */,
				3A6F21CA1D9AD9F800E518B1 /* Model.xcdatamodeld */,
			);
			name = Models;
			sourceTree = "<group>";
		};
		3A6F21C71D9AD77200E518B1 /* Frameworks */ = {
			isa = PBXGroup;
			children = (
				3A6F21C81D9AD77200E518B1 /* CoreData.framework */,
			);
			name = Frameworks;
			sourceTree = "<group>";
		};
		3A6F223E1D9C3BB600E518B1 /* Human */ = {
			isa = PBXGroup;
			children = (
				3A6F22581D9C3C1400E518B1 /* APLAnnotation.h */,
				3A6F22591D9C3C1400E518B1 /* APLAnnotation.m */,
				3A6F225A1D9C3C1400E518B1 /* APLAuthor.h */,
				3A6F225B1D9C3C1400E518B1 /* APLAuthor.m */,
				3A6F225C1D9C3C1400E518B1 /* APLBook.h */,
				3A6F225D1D9C3C1400E518B1 /* APLBook.m */,
				3A6F225E1D9C3C1400E518B1 /* APLBookTag.h */,
				3A6F225F1D9C3C1400E518B1 /* APLBookTag.m */,
				3A6F22601D9C3C1400E518B1 /* APLCover.h */,
				3A6F22611D9C3C1400E518B1 /* APLCover.m */,
				3A6F22621D9C3C1400E518B1 /* APLPdfData.h */,
				3A6F22631D9C3C1400E518B1 /* APLPdfData.m */,
				3A6F22641D9C3C1400E518B1 /* APLPhoto.h */,
				3A6F22651D9C3C1400E518B1 /* APLPhoto.m */,
				3A6F22661D9C3C1400E518B1 /* APLTag.h */,
				3A6F22671D9C3C1400E518B1 /* APLTag.m */,
			);
			name = Human;
			sourceTree = "<group>";
		};
		3A6F223F1D9C3BBC00E518B1 /* Machine */ = {
			isa = PBXGroup;
			children = (
				3A6F22401D9C3BD500E518B1 /* _APLAnnotation.h */,
				3A6F22411D9C3BD500E518B1 /* _APLAnnotation.m */,
				3A6F22421D9C3BD500E518B1 /* _APLAuthor.h */,
				3A6F22431D9C3BD500E518B1 /* _APLAuthor.m */,
				3A6F22441D9C3BD500E518B1 /* _APLBook.h */,
				3A6F22451D9C3BD500E518B1 /* _APLBook.m */,
				3A6F22461D9C3BD500E518B1 /* _APLBookTag.h */,
				3A6F22471D9C3BD500E518B1 /* _APLBookTag.m */,
				3A6F22481D9C3BD500E518B1 /* _APLCover.h */,
				3A6F22491D9C3BD500E518B1 /* _APLCover.m */,
				3A6F224A1D9C3BD500E518B1 /* _APLPdfData.h */,
				3A6F224B1D9C3BD500E518B1 /* _APLPdfData.m */,
				3A6F224C1D9C3BD500E518B1 /* _APLPhoto.h */,
				3A6F224D1D9C3BD500E518B1 /* _APLPhoto.m */,
				3A6F224E1D9C3BD500E518B1 /* _APLTag.h */,
				3A6F224F1D9C3BD500E518B1 /* _APLTag.m */,
			);
			name = Machine;
			sourceTree = "<group>";
		};
/* End PBXGroup section */

/* Begin PBXNativeTarget section */
		3A6F218C1D9AD4C500E518B1 /* CoreBook */ = {
			isa = PBXNativeTarget;
			buildConfigurationList = 3A6F21BA1D9AD4C600E518B1 /* Build configuration list for PBXNativeTarget "CoreBook" */;
			buildPhases = (
				3A6F21891D9AD4C500E518B1 /* Sources */,
				3A6F218A1D9AD4C500E518B1 /* Frameworks */,
				3A6F218B1D9AD4C500E518B1 /* Resources */,
			);
			buildRules = (
			);
			dependencies = (
			);
			name = CoreBook;
			productName = CoreBook;
			productReference = 3A6F218D1D9AD4C500E518B1 /* CoreBook.app */;
			productType = "com.apple.product-type.application";
		};
		3A6F21A51D9AD4C600E518B1 /* CoreBookTests */ = {
			isa = PBXNativeTarget;
			buildConfigurationList = 3A6F21BD1D9AD4C600E518B1 /* Build configuration list for PBXNativeTarget "CoreBookTests" */;
			buildPhases = (
				3A6F21A21D9AD4C600E518B1 /* Sources */,
				3A6F21A31D9AD4C600E518B1 /* Frameworks */,
				3A6F21A41D9AD4C600E518B1 /* Resources */,
			);
			buildRules = (
			);
			dependencies = (
				3A6F21A81D9AD4C600E518B1 /* PBXTargetDependency */,
			);
			name = CoreBookTests;
			productName = CoreBookTests;
			productReference = 3A6F21A61D9AD4C600E518B1 /* CoreBookTests.xctest */;
			productType = "com.apple.product-type.bundle.unit-test";
		};
		3A6F21B01D9AD4C600E518B1 /* CoreBookUITests */ = {
			isa = PBXNativeTarget;
			buildConfigurationList = 3A6F21C01D9AD4C600E518B1 /* Build configuration list for PBXNativeTarget "CoreBookUITests" */;
			buildPhases = (
				3A6F21AD1D9AD4C600E518B1 /* Sources */,
				3A6F21AE1D9AD4C600E518B1 /* Frameworks */,
				3A6F21AF1D9AD4C600E518B1 /* Resources */,
			);
			buildRules = (
			);
			dependencies = (
				3A6F21B31D9AD4C600E518B1 /* PBXTargetDependency */,
			);
			name = CoreBookUITests;
			productName = CoreBookUITests;
			productReference = 3A6F21B11D9AD4C600E518B1 /* CoreBookUITests.xctest */;
			productType = "com.apple.product-type.bundle.ui-testing";
		};
/* End PBXNativeTarget section */

/* Begin PBXProject section */
		3A6F21851D9AD4C500E518B1 /* Project object */ = {
			isa = PBXProject;
			attributes = {
				LastUpgradeCheck = 0800;
				ORGANIZATIONNAME = NovasFactory;
				TargetAttributes = {
					3A6F218C1D9AD4C500E518B1 = {
						CreatedOnToolsVersion = 8.0;
						ProvisioningStyle = Automatic;
					};
					3A6F21A51D9AD4C600E518B1 = {
						CreatedOnToolsVersion = 8.0;
						ProvisioningStyle = Automatic;
						TestTargetID = 3A6F218C1D9AD4C500E518B1;
					};
					3A6F21B01D9AD4C600E518B1 = {
						CreatedOnToolsVersion = 8.0;
						ProvisioningStyle = Automatic;
						TestTargetID = 3A6F218C1D9AD4C500E518B1;
					};
				};
			};
			buildConfigurationList = 3A6F21881D9AD4C500E518B1 /* Build configuration list for PBXProject "CoreBook" */;
			compatibilityVersion = "Xcode 3.2";
			developmentRegion = English;
			hasScannedForEncodings = 0;
			knownRegions = (
				en,
				Base,
			);
			mainGroup = 3A6F21841D9AD4C500E518B1;
			productRefGroup = 3A6F218E1D9AD4C500E518B1 /* Products */;
			projectDirPath = "";
			projectRoot = "";
			targets = (
				3A6F218C1D9AD4C500E518B1 /* CoreBook */,
				3A6F21A51D9AD4C600E518B1 /* CoreBookTests */,
				3A6F21B01D9AD4C600E518B1 /* CoreBookUITests */,
			);
		};
/* End PBXProject section */

/* Begin PBXResourcesBuildPhase section */
		3A6F218B1D9AD4C500E518B1 /* Resources */ = {
			isa = PBXResourcesBuildPhase;
			buildActionMask = 2147483647;
			files = (
				3A6F21A01D9AD4C600E518B1 /* LaunchScreen.storyboard in Resources */,
				3A6F219D1D9AD4C600E518B1 /* Assets.xcassets in Resources */,
			);
			runOnlyForDeploymentPostprocessing = 0;
		};
		3A6F21A41D9AD4C600E518B1 /* Resources */ = {
			isa = PBXResourcesBuildPhase;
			buildActionMask = 2147483647;
			files = (
			);
			runOnlyForDeploymentPostprocessing = 0;
		};
		3A6F21AF1D9AD4C600E518B1 /* Resources */ = {
			isa = PBXResourcesBuildPhase;
			buildActionMask = 2147483647;
			files = (
			);
			runOnlyForDeploymentPostprocessing = 0;
		};
/* End PBXResourcesBuildPhase section */

/* Begin PBXSourcesBuildPhase section */
		3A6F21891D9AD4C500E518B1 /* Sources */ = {
			isa = PBXSourcesBuildPhase;
			buildActionMask = 2147483647;
			files = (
				3A6F21951D9AD4C500E518B1 /* AppDelegate.m in Sources */,
				3A6F22541D9C3BD500E518B1 /* _APLCover.m in Sources */,
				3A6F22551D9C3BD500E518B1 /* _APLPdfData.m in Sources */,
				3A6F22681D9C3C1400E518B1 /* APLAnnotation.m in Sources */,
				3A6F22691D9C3C1400E518B1 /* APLAuthor.m in Sources */,
				3A6F21921D9AD4C500E518B1 /* main.m in Sources */,
				3A6F226D1D9C3C1400E518B1 /* APLPdfData.m in Sources */,
				3A6F22571D9C3BD500E518B1 /* _APLTag.m in Sources */,
				3A6F226A1D9C3C1400E518B1 /* APLBook.m in Sources */,
				3A6F21C61D9AD58500E518B1 /* AGTSimpleCoreDataStack.m in Sources */,
				3A6F226E1D9C3C1400E518B1 /* APLPhoto.m in Sources */,
				3A6F22531D9C3BD500E518B1 /* _APLBookTag.m in Sources */,
				3A6F226F1D9C3C1400E518B1 /* APLTag.m in Sources */,
				3A6F22521D9C3BD500E518B1 /* _APLBook.m in Sources */,
				3A6F226B1D9C3C1400E518B1 /* APLBookTag.m in Sources */,
				3A6F22561D9C3BD500E518B1 /* _APLPhoto.m in Sources */,
				3A6F22501D9C3BD500E518B1 /* _APLAnnotation.m in Sources */,
				3A6F226C1D9C3C1400E518B1 /* APLCover.m in Sources */,
				3A6F22511D9C3BD500E518B1 /* _APLAuthor.m in Sources */,
				3A6F21CC1D9AD9F800E518B1 /* Model.xcdatamodeld in Sources */,
			);
			runOnlyForDeploymentPostprocessing = 0;
		};
		3A6F21A21D9AD4C600E518B1 /* Sources */ = {
			isa = PBXSourcesBuildPhase;
			buildActionMask = 2147483647;
			files = (
				3A6F21AB1D9AD4C600E518B1 /* CoreBookTests.m in Sources */,
			);
			runOnlyForDeploymentPostprocessing = 0;
		};
		3A6F21AD1D9AD4C600E518B1 /* Sources */ = {
			isa = PBXSourcesBuildPhase;
			buildActionMask = 2147483647;
			files = (
				3A6F21B61D9AD4C600E518B1 /* CoreBookUITests.m in Sources */,
			);
			runOnlyForDeploymentPostprocessing = 0;
		};
/* End PBXSourcesBuildPhase section */

/* Begin PBXTargetDependency section */
		3A6F21A81D9AD4C600E518B1 /* PBXTargetDependency */ = {
			isa = PBXTargetDependency;
			target = 3A6F218C1D9AD4C500E518B1 /* CoreBook */;
			targetProxy = 3A6F21A71D9AD4C600E518B1 /* PBXContainerItemProxy */;
		};
		3A6F21B31D9AD4C600E518B1 /* PBXTargetDependency */ = {
			isa = PBXTargetDependency;
			target = 3A6F218C1D9AD4C500E518B1 /* CoreBook */;
			targetProxy = 3A6F21B21D9AD4C600E518B1 /* PBXContainerItemProxy */;
		};
/* End PBXTargetDependency section */

/* Begin PBXVariantGroup section */
		3A6F219E1D9AD4C600E518B1 /* LaunchScreen.storyboard */ = {
			isa = PBXVariantGroup;
			children = (
				3A6F219F1D9AD4C600E518B1 /* Base */,
			);
			name = LaunchScreen.storyboard;
			sourceTree = "<group>";
		};
/* End PBXVariantGroup section */

/* Begin XCBuildConfiguration section */
		3A6F21B81D9AD4C600E518B1 /* Debug */ = {
			isa = XCBuildConfiguration;
			buildSettings = {
				ALWAYS_SEARCH_USER_PATHS = NO;
				CLANG_ANALYZER_NONNULL = YES;
				CLANG_CXX_LANGUAGE_STANDARD = "gnu++0x";
				CLANG_CXX_LIBRARY = "libc++";
				CLANG_ENABLE_MODULES = YES;
				CLANG_ENABLE_OBJC_ARC = YES;
				CLANG_WARN_BOOL_CONVERSION = YES;
				CLANG_WARN_CONSTANT_CONVERSION = YES;
				CLANG_WARN_DIRECT_OBJC_ISA_USAGE = YES_ERROR;
				CLANG_WARN_DOCUMENTATION_COMMENTS = YES;
				CLANG_WARN_EMPTY_BODY = YES;
				CLANG_WARN_ENUM_CONVERSION = YES;
				CLANG_WARN_INFINITE_RECURSION = YES;
				CLANG_WARN_INT_CONVERSION = YES;
				CLANG_WARN_OBJC_ROOT_CLASS = YES_ERROR;
				CLANG_WARN_SUSPICIOUS_MOVES = YES;
				CLANG_WARN_UNREACHABLE_CODE = YES;
				CLANG_WARN__DUPLICATE_METHOD_MATCH = YES;
				"CODE_SIGN_IDENTITY[sdk=iphoneos*]" = "iPhone Developer";
				COPY_PHASE_STRIP = NO;
				DEBUG_INFORMATION_FORMAT = dwarf;
				ENABLE_STRICT_OBJC_MSGSEND = YES;
				ENABLE_TESTABILITY = YES;
				GCC_C_LANGUAGE_STANDARD = gnu99;
				GCC_DYNAMIC_NO_PIC = NO;
				GCC_NO_COMMON_BLOCKS = YES;
				GCC_OPTIMIZATION_LEVEL = 0;
				GCC_PREPROCESSOR_DEFINITIONS = (
					"DEBUG=1",
					"$(inherited)",
				);
				GCC_WARN_64_TO_32_BIT_CONVERSION = YES;
				GCC_WARN_ABOUT_RETURN_TYPE = YES_ERROR;
				GCC_WARN_UNDECLARED_SELECTOR = YES;
				GCC_WARN_UNINITIALIZED_AUTOS = YES_AGGRESSIVE;
				GCC_WARN_UNUSED_FUNCTION = YES;
				GCC_WARN_UNUSED_VARIABLE = YES;
				IPHONEOS_DEPLOYMENT_TARGET = 10.0;
				MTL_ENABLE_DEBUG_INFO = YES;
				ONLY_ACTIVE_ARCH = YES;
				SDKROOT = iphoneos;
			};
			name = Debug;
		};
		3A6F21B91D9AD4C600E518B1 /* Release */ = {
			isa = XCBuildConfiguration;
			buildSettings = {
				ALWAYS_SEARCH_USER_PATHS = NO;
				CLANG_ANALYZER_NONNULL = YES;
				CLANG_CXX_LANGUAGE_STANDARD = "gnu++0x";
				CLANG_CXX_LIBRARY = "libc++";
				CLANG_ENABLE_MODULES = YES;
				CLANG_ENABLE_OBJC_ARC = YES;
				CLANG_WARN_BOOL_CONVERSION = YES;
				CLANG_WARN_CONSTANT_CONVERSION = YES;
				CLANG_WARN_DIRECT_OBJC_ISA_USAGE = YES_ERROR;
				CLANG_WARN_DOCUMENTATION_COMMENTS = YES;
				CLANG_WARN_EMPTY_BODY = YES;
				CLANG_WARN_ENUM_CONVERSION = YES;
				CLANG_WARN_INFINITE_RECURSION = YES;
				CLANG_WARN_INT_CONVERSION = YES;
				CLANG_WARN_OBJC_ROOT_CLASS = YES_ERROR;
				CLANG_WARN_SUSPICIOUS_MOVES = YES;
				CLANG_WARN_UNREACHABLE_CODE = YES;
				CLANG_WARN__DUPLICATE_METHOD_MATCH = YES;
				"CODE_SIGN_IDENTITY[sdk=iphoneos*]" = "iPhone Developer";
				COPY_PHASE_STRIP = NO;
				DEBUG_INFORMATION_FORMAT = "dwarf-with-dsym";
				ENABLE_NS_ASSERTIONS = NO;
				ENABLE_STRICT_OBJC_MSGSEND = YES;
				GCC_C_LANGUAGE_STANDARD = gnu99;
				GCC_NO_COMMON_BLOCKS = YES;
				GCC_WARN_64_TO_32_BIT_CONVERSION = YES;
				GCC_WARN_ABOUT_RETURN_TYPE = YES_ERROR;
				GCC_WARN_UNDECLARED_SELECTOR = YES;
				GCC_WARN_UNINITIALIZED_AUTOS = YES_AGGRESSIVE;
				GCC_WARN_UNUSED_FUNCTION = YES;
				GCC_WARN_UNUSED_VARIABLE = YES;
				IPHONEOS_DEPLOYMENT_TARGET = 10.0;
				MTL_ENABLE_DEBUG_INFO = NO;
				SDKROOT = iphoneos;
				VALIDATE_PRODUCT = YES;
			};
			name = Release;
		};
		3A6F21BB1D9AD4C600E518B1 /* Debug */ = {
			isa = XCBuildConfiguration;
			buildSettings = {
				ASSETCATALOG_COMPILER_APPICON_NAME = AppIcon;
				INFOPLIST_FILE = CoreBook/Info.plist;
				LD_RUNPATH_SEARCH_PATHS = "$(inherited) @executable_path/Frameworks";
				PRODUCT_BUNDLE_IDENTIFIER = io.srnovas.CoreBook;
				PRODUCT_NAME = "$(TARGET_NAME)";
			};
			name = Debug;
		};
		3A6F21BC1D9AD4C600E518B1 /* Release */ = {
			isa = XCBuildConfiguration;
			buildSettings = {
				ASSETCATALOG_COMPILER_APPICON_NAME = AppIcon;
				INFOPLIST_FILE = CoreBook/Info.plist;
				LD_RUNPATH_SEARCH_PATHS = "$(inherited) @executable_path/Frameworks";
				PRODUCT_BUNDLE_IDENTIFIER = io.srnovas.CoreBook;
				PRODUCT_NAME = "$(TARGET_NAME)";
			};
			name = Release;
		};
		3A6F21BE1D9AD4C600E518B1 /* Debug */ = {
			isa = XCBuildConfiguration;
			buildSettings = {
				BUNDLE_LOADER = "$(TEST_HOST)";
				INFOPLIST_FILE = CoreBookTests/Info.plist;
				LD_RUNPATH_SEARCH_PATHS = "$(inherited) @executable_path/Frameworks @loader_path/Frameworks";
				PRODUCT_BUNDLE_IDENTIFIER = io.srnovas.CoreBookTests;
				PRODUCT_NAME = "$(TARGET_NAME)";
				TEST_HOST = "$(BUILT_PRODUCTS_DIR)/CoreBook.app/CoreBook";
			};
			name = Debug;
		};
		3A6F21BF1D9AD4C600E518B1 /* Release */ = {
			isa = XCBuildConfiguration;
			buildSettings = {
				BUNDLE_LOADER = "$(TEST_HOST)";
				INFOPLIST_FILE = CoreBookTests/Info.plist;
				LD_RUNPATH_SEARCH_PATHS = "$(inherited) @executable_path/Frameworks @loader_path/Frameworks";
				PRODUCT_BUNDLE_IDENTIFIER = io.srnovas.CoreBookTests;
				PRODUCT_NAME = "$(TARGET_NAME)";
				TEST_HOST = "$(BUILT_PRODUCTS_DIR)/CoreBook.app/CoreBook";
			};
			name = Release;
		};
		3A6F21C11D9AD4C600E518B1 /* Debug */ = {
			isa = XCBuildConfiguration;
			buildSettings = {
				INFOPLIST_FILE = CoreBookUITests/Info.plist;
				LD_RUNPATH_SEARCH_PATHS = "$(inherited) @executable_path/Frameworks @loader_path/Frameworks";
				PRODUCT_BUNDLE_IDENTIFIER = io.srnovas.CoreBookUITests;
				PRODUCT_NAME = "$(TARGET_NAME)";
				TEST_TARGET_NAME = CoreBook;
			};
			name = Debug;
		};
		3A6F21C21D9AD4C600E518B1 /* Release */ = {
			isa = XCBuildConfiguration;
			buildSettings = {
				INFOPLIST_FILE = CoreBookUITests/Info.plist;
				LD_RUNPATH_SEARCH_PATHS = "$(inherited) @executable_path/Frameworks @loader_path/Frameworks";
				PRODUCT_BUNDLE_IDENTIFIER = io.srnovas.CoreBookUITests;
				PRODUCT_NAME = "$(TARGET_NAME)";
				TEST_TARGET_NAME = CoreBook;
			};
			name = Release;
		};
/* End XCBuildConfiguration section */

/* Begin XCConfigurationList section */
		3A6F21881D9AD4C500E518B1 /* Build configuration list for PBXProject "CoreBook" */ = {
			isa = XCConfigurationList;
			buildConfigurations = (
				3A6F21B81D9AD4C600E518B1 /* Debug */,
				3A6F21B91D9AD4C600E518B1 /* Release */,
			);
			defaultConfigurationIsVisible = 0;
			defaultConfigurationName = Release;
		};
		3A6F21BA1D9AD4C600E518B1 /* Build configuration list for PBXNativeTarget "CoreBook" */ = {
			isa = XCConfigurationList;
			buildConfigurations = (
				3A6F21BB1D9AD4C600E518B1 /* Debug */,
				3A6F21BC1D9AD4C600E518B1 /* Release */,
			);
			defaultConfigurationIsVisible = 0;
			defaultConfigurationName = Release;
		};
		3A6F21BD1D9AD4C600E518B1 /* Build configuration list for PBXNativeTarget "CoreBookTests" */ = {
			isa = XCConfigurationList;
			buildConfigurations = (
				3A6F21BE1D9AD4C600E518B1 /* Debug */,
				3A6F21BF1D9AD4C600E518B1 /* Release */,
			);
			defaultConfigurationIsVisible = 0;
			defaultConfigurationName = Release;
		};
		3A6F21C01D9AD4C600E518B1 /* Build configuration list for PBXNativeTarget "CoreBookUITests" */ = {
			isa = XCConfigurationList;
			buildConfigurations = (
				3A6F21C11D9AD4C600E518B1 /* Debug */,
				3A6F21C21D9AD4C600E518B1 /* Release */,
			);
			defaultConfigurationIsVisible = 0;
			defaultConfigurationName = Release;
		};
/* End XCConfigurationList section */

/* Begin XCVersionGroup section */
		3A6F21CA1D9AD9F800E518B1 /* Model.xcdatamodeld */ = {
			isa = XCVersionGroup;
			children = (
				3A6F21CB1D9AD9F800E518B1 /* Model.xcdatamodel */,
			);
			currentVersion = 3A6F21CB1D9AD9F800E518B1 /* Model.xcdatamodel */;
			path = Model.xcdatamodeld;
			sourceTree = "<group>";
			versionGroupType = wrapper.xcdatamodel;
		};
/* End XCVersionGroup section */
	};
	rootObject = 3A6F21851D9AD4C500E518B1 /* Project object */;
}
